
Microsoft Visual Studio Solution File, Format Version 12.00
# Visual Studio Version 17
VisualStudioVersion = 17.0.31903.59
MinimumVisualStudioVersion = 10.0.40219.1
Project("{8BC9CEB8-8B4A-11D0-8D11-00A0C91BC942}") = "Zadacha1", "Zadacha1\Zadacha1.vcxproj", "{0E3E4419-0607-4106-9F1B-F837BC31C99A}"
EndProject
Project("{8BC9CEB8-8B4A-11D0-8D11-00A0C91BC942}") = "Zadacha2", "Zadacha2\Zadacha2.vcxproj", "{65A07D26-9905-4312-A041-AAD57B588E07}"
EndProject
Project("{8BC9CEB8-8B4A-11D0-8D11-00A0C91BC942}") = "Zadacha3", "Zadacha3\Zadacha3.vcxproj", "{A42FBB99-303B-4FB2-8CE8-C074E25B4F0A}"
EndProject
Project("{8BC9CEB8-8B4A-11D0-8D11-00A0C91BC942}") = "Zadacha4", "Zadacha4\Zadacha4.vcxproj", "{76B1B1E1-DCC3-4C4B-845B-CE6C3337CB93}"
EndProject
Project("{8BC9CEB8-8B4A-11D0-8D11-00A0C91BC942}") = "Zadacha5", "Zadacha5\Zadacha5.vcxproj", "{D9F159F0-540B-4BE5-ADF8-248AEADAB9F0}"
EndProject
Project("{8BC9CEB8-8B4A-11D0-8D11-00A0C91BC942}") = "Zadacha6", "Zadacha6\Zadacha6.vcxproj", "{FBB7F145-90CD-4555-8021-5AC937A75DB2}"
EndProject
Project("{8BC9CEB8-8B4A-11D0-8D11-00A0C91BC942}") = "Zadacha7", "Zadacha7\Zadacha7.vcxproj", "{7D00D6FF-6797-4431-BB93-4FD7B3E4AB6F}"
EndProject
Project("{8BC9CEB8-8B4A-11D0-8D11-00A0C91BC942}") = "Zadacha8", "Zadacha8\Zadacha8.vcxproj", "{6ED386F5-6A2A-488E-A83C-31A1FD171A6C}"
EndProject
Project("{8BC9CEB8-8B4A-11D0-8D11-00A0C91BC942}") = "Zadacha9", "Zadacha9\Zadacha9.vcxproj", "{A95369DF-A1D4-4BBA-896D-365A9F2742E5}"
EndProject
Project("{8BC9CEB8-8B4A-11D0-8D11-00A0C91BC942}") = "Zadacha10", "Zadacha10\Zadacha10.vcxproj", "{4EA2E6CE-11F0-494E-8E1C-21C6175191C5}"
EndProject
Project("{8BC9CEB8-8B4A-11D0-8D11-00A0C91BC942}") = "Zadacha11", "Zadacha11\Zadacha11.vcxproj", "{78983572-D063-4073-8EA0-A621953A6E3A}"
EndProject
Project("{8BC9CEB8-8B4A-11D0-8D11-00A0C91BC942}") = "Zadacha12", "Zadacha12\Zadacha12.vcxproj", "{DBACCFBA-1C53-40D5-A472-5891B9C85055}"
EndProject
Project("{8BC9CEB8-8B4A-11D0-8D11-00A0C91BC942}") = "Zadacha13", "Zadacha13\Zadacha13.vcxproj", "{46292994-3A34-4FEF-A39B-EC3E7D13E47C}"
EndProject
Project("{8BC9CEB8-8B4A-11D0-8D11-00A0C91BC942}") = "Zadacha14", "Zadacha14\Zadacha14.vcxproj", "{F0ADF197-53B6-4DC1-9D33-D5A9B53F9D88}"
EndProject
Project("{8BC9CEB8-8B4A-11D0-8D11-00A0C91BC942}") = "Zadacha15", "Zadacha15\Zadacha15.vcxproj", "{C65A3D3E-2011-4663-BA94-220C6983E682}"
EndProject
Project("{8BC9CEB8-8B4A-11D0-8D11-00A0C91BC942}") = "Zadacha16", "Zadacha16\Zadacha16.vcxproj", "{75304C14-1668-4F2D-BF9F-20DEA4DB7592}"
EndProject
Project("{8BC9CEB8-8B4A-11D0-8D11-00A0C91BC942}") = "Zadacha17", "Zadacha17\Zadacha17.vcxproj", "{7A4377D4-F1B2-4D25-B3B4-704ECDCDDEC4}"
EndProject
Project("{8BC9CEB8-8B4A-11D0-8D11-00A0C91BC942}") = "Zadacha18", "Zadacha18\Zadacha18.vcxproj", "{C79E71B6-B365-4B52-BF27-A99901DF05EF}"
EndProject
Project("{8BC9CEB8-8B4A-11D0-8D11-00A0C91BC942}") = "Zadacha19", "Zadacha19\Zadacha19.vcxproj", "{4C20B5BB-1827-44FB-B7E9-91452DB39770}"
EndProject
Project("{8BC9CEB8-8B4A-11D0-8D11-00A0C91BC942}") = "Zadacha20", "Zadacha20\Zadacha20.vcxproj", "{8E5B3294-26BB-499C-B48B-1C2E45AC0DB3}"
EndProject
Project("{8BC9CEB8-8B4A-11D0-8D11-00A0C91BC942}") = "Zadacha21", "Zadacha21\Zadacha21.vcxproj", "{FB636102-A02B-4FB1-A8BA-16B30EB43E2C}"
EndProject
Project("{8BC9CEB8-8B4A-11D0-8D11-00A0C91BC942}") = "Zadacha22", "Zadacha22\Zadacha22.vcxproj", "{F9F189E5-F42D-46E4-A9AF-747F41960609}"
EndProject
Project("{8BC9CEB8-8B4A-11D0-8D11-00A0C91BC942}") = "Zadacha23", "Zadacha23\Zadacha23.vcxproj", "{136A6DB2-402C-455E-BE72-1B192B38AACF}"
EndProject
Project("{8BC9CEB8-8B4A-11D0-8D11-00A0C91BC942}") = "Zadacha25", "Zadacha25\Zadacha25.vcxproj", "{E6926585-62DA-4F35-81D6-75A6B9FD15E9}"
EndProject
Project("{8BC9CEB8-8B4A-11D0-8D11-00A0C91BC942}") = "Zadacha26", "Zadacha26\Zadacha26.vcxproj", "{669A3BEB-B6BF-47F9-94C1-A0B0E264F46C}"
EndProject
Project("{8BC9CEB8-8B4A-11D0-8D11-00A0C91BC942}") = "Zadacha27", "Zadacha27\Zadacha27.vcxproj", "{DEFAB329-9A2C-48EF-9EC7-19004233DC44}"
EndProject
Global
	GlobalSection(SolutionConfigurationPlatforms) = preSolution
		Debug|x64 = Debug|x64
		Debug|x86 = Debug|x86
		Release|x64 = Release|x64
		Release|x86 = Release|x86
	EndGlobalSection
	GlobalSection(ProjectConfigurationPlatforms) = postSolution
		{0E3E4419-0607-4106-9F1B-F837BC31C99A}.Debug|x64.ActiveCfg = Debug|x64
		{0E3E4419-0607-4106-9F1B-F837BC31C99A}.Debug|x64.Build.0 = Debug|x64
		{0E3E4419-0607-4106-9F1B-F837BC31C99A}.Debug|x86.ActiveCfg = Debug|Win32
		{0E3E4419-0607-4106-9F1B-F837BC31C99A}.Debug|x86.Build.0 = Debug|Win32
		{0E3E4419-0607-4106-9F1B-F837BC31C99A}.Release|x64.ActiveCfg = Release|x64
		{0E3E4419-0607-4106-9F1B-F837BC31C99A}.Release|x64.Build.0 = Release|x64
		{0E3E4419-0607-4106-9F1B-F837BC31C99A}.Release|x86.ActiveCfg = Release|Win32
		{0E3E4419-0607-4106-9F1B-F837BC31C99A}.Release|x86.Build.0 = Release|Win32
		{65A07D26-9905-4312-A041-AAD57B588E07}.Debug|x64.ActiveCfg = Debug|x64
		{65A07D26-9905-4312-A041-AAD57B588E07}.Debug|x64.Build.0 = Debug|x64
		{65A07D26-9905-4312-A041-AAD57B588E07}.Debug|x86.ActiveCfg = Debug|Win32
		{65A07D26-9905-4312-A041-AAD57B588E07}.Debug|x86.Build.0 = Debug|Win32
		{65A07D26-9905-4312-A041-AAD57B588E07}.Release|x64.ActiveCfg = Release|x64
		{65A07D26-9905-4312-A041-AAD57B588E07}.Release|x64.Build.0 = Release|x64
		{65A07D26-9905-4312-A041-AAD57B588E07}.Release|x86.ActiveCfg = Release|Win32
		{65A07D26-9905-4312-A041-AAD57B588E07}.Release|x86.Build.0 = Release|Win32
		{A42FBB99-303B-4FB2-8CE8-C074E25B4F0A}.Debug|x64.ActiveCfg = Debug|x64
		{A42FBB99-303B-4FB2-8CE8-C074E25B4F0A}.Debug|x64.Build.0 = Debug|x64
		{A42FBB99-303B-4FB2-8CE8-C074E25B4F0A}.Debug|x86.ActiveCfg = Debug|Win32
		{A42FBB99-303B-4FB2-8CE8-C074E25B4F0A}.Debug|x86.Build.0 = Debug|Win32
		{A42FBB99-303B-4FB2-8CE8-C074E25B4F0A}.Release|x64.ActiveCfg = Release|x64
		{A42FBB99-303B-4FB2-8CE8-C074E25B4F0A}.Release|x64.Build.0 = Release|x64
		{A42FBB99-303B-4FB2-8CE8-C074E25B4F0A}.Release|x86.ActiveCfg = Release|Win32
		{A42FBB99-303B-4FB2-8CE8-C074E25B4F0A}.Release|x86.Build.0 = Release|Win32
		{76B1B1E1-DCC3-4C4B-845B-CE6C3337CB93}.Debug|x64.ActiveCfg = Debug|x64
		{76B1B1E1-DCC3-4C4B-845B-CE6C3337CB93}.Debug|x64.Build.0 = Debug|x64
		{76B1B1E1-DCC3-4C4B-845B-CE6C3337CB93}.Debug|x86.ActiveCfg = Debug|Win32
		{76B1B1E1-DCC3-4C4B-845B-CE6C3337CB93}.Debug|x86.Build.0 = Debug|Win32
		{76B1B1E1-DCC3-4C4B-845B-CE6C3337CB93}.Release|x64.ActiveCfg = Release|x64
		{76B1B1E1-DCC3-4C4B-845B-CE6C3337CB93}.Release|x64.Build.0 = Release|x64
		{76B1B1E1-DCC3-4C4B-845B-CE6C3337CB93}.Release|x86.ActiveCfg = Release|Win32
		{76B1B1E1-DCC3-4C4B-845B-CE6C3337CB93}.Release|x86.Build.0 = Release|Win32
		{D9F159F0-540B-4BE5-ADF8-248AEADAB9F0}.Debug|x64.ActiveCfg = Debug|x64
		{D9F159F0-540B-4BE5-ADF8-248AEADAB9F0}.Debug|x64.Build.0 = Debug|x64
		{D9F159F0-540B-4BE5-ADF8-248AEADAB9F0}.Debug|x86.ActiveCfg = Debug|Win32
		{D9F159F0-540B-4BE5-ADF8-248AEADAB9F0}.Debug|x86.Build.0 = Debug|Win32
		{D9F159F0-540B-4BE5-ADF8-248AEADAB9F0}.Release|x64.ActiveCfg = Release|x64
		{D9F159F0-540B-4BE5-ADF8-248AEADAB9F0}.Release|x64.Build.0 = Release|x64
		{D9F159F0-540B-4BE5-ADF8-248AEADAB9F0}.Release|x86.ActiveCfg = Release|Win32
		{D9F159F0-540B-4BE5-ADF8-248AEADAB9F0}.Release|x86.Build.0 = Release|Win32
		{FBB7F145-90CD-4555-8021-5AC937A75DB2}.Debug|x64.ActiveCfg = Debug|x64
		{FBB7F145-90CD-4555-8021-5AC937A75DB2}.Debug|x64.Build.0 = Debug|x64
		{FBB7F145-90CD-4555-8021-5AC937A75DB2}.Debug|x86.ActiveCfg = Debug|Win32
		{FBB7F145-90CD-4555-8021-5AC937A75DB2}.Debug|x86.Build.0 = Debug|Win32
		{FBB7F145-90CD-4555-8021-5AC937A75DB2}.Release|x64.ActiveCfg = Release|x64
		{FBB7F145-90CD-4555-8021-5AC937A75DB2}.Release|x64.Build.0 = Release|x64
		{FBB7F145-90CD-4555-8021-5AC937A75DB2}.Release|x86.ActiveCfg = Release|Win32
		{FBB7F145-90CD-4555-8021-5AC937A75DB2}.Release|x86.Build.0 = Release|Win32
		{7D00D6FF-6797-4431-BB93-4FD7B3E4AB6F}.Debug|x64.ActiveCfg = Debug|x64
		{7D00D6FF-6797-4431-BB93-4FD7B3E4AB6F}.Debug|x64.Build.0 = Debug|x64
		{7D00D6FF-6797-4431-BB93-4FD7B3E4AB6F}.Debug|x86.ActiveCfg = Debug|Win32
		{7D00D6FF-6797-4431-BB93-4FD7B3E4AB6F}.Debug|x86.Build.0 = Debug|Win32
		{7D00D6FF-6797-4431-BB93-4FD7B3E4AB6F}.Release|x64.ActiveCfg = Release|x64
		{7D00D6FF-6797-4431-BB93-4FD7B3E4AB6F}.Release|x64.Build.0 = Release|x64
		{7D00D6FF-6797-4431-BB93-4FD7B3E4AB6F}.Release|x86.ActiveCfg = Release|Win32
		{7D00D6FF-6797-4431-BB93-4FD7B3E4AB6F}.Release|x86.Build.0 = Release|Win32
		{6ED386F5-6A2A-488E-A83C-31A1FD171A6C}.Debug|x64.ActiveCfg = Debug|x64
		{6ED386F5-6A2A-488E-A83C-31A1FD171A6C}.Debug|x64.Build.0 = Debug|x64
		{6ED386F5-6A2A-488E-A83C-31A1FD171A6C}.Debug|x86.ActiveCfg = Debug|Win32
		{6ED386F5-6A2A-488E-A83C-31A1FD171A6C}.Debug|x86.Build.0 = Debug|Win32
		{6ED386F5-6A2A-488E-A83C-31A1FD171A6C}.Release|x64.ActiveCfg = Release|x64
		{6ED386F5-6A2A-488E-A83C-31A1FD171A6C}.Release|x64.Build.0 = Release|x64
		{6ED386F5-6A2A-488E-A83C-31A1FD171A6C}.Release|x86.ActiveCfg = Release|Win32
		{6ED386F5-6A2A-488E-A83C-31A1FD171A6C}.Release|x86.Build.0 = Release|Win32
		{A95369DF-A1D4-4BBA-896D-365A9F2742E5}.Debug|x64.ActiveCfg = Debug|x64
		{A95369DF-A1D4-4BBA-896D-365A9F2742E5}.Debug|x64.Build.0 = Debug|x64
		{A95369DF-A1D4-4BBA-896D-365A9F2742E5}.Debug|x86.ActiveCfg = Debug|Win32
		{A95369DF-A1D4-4BBA-896D-365A9F2742E5}.Debug|x86.Build.0 = Debug|Win32
		{A95369DF-A1D4-4BBA-896D-365A9F2742E5}.Release|x64.ActiveCfg = Release|x64
		{A95369DF-A1D4-4BBA-896D-365A9F2742E5}.Release|x64.Build.0 = Release|x64
		{A95369DF-A1D4-4BBA-896D-365A9F2742E5}.Release|x86.ActiveCfg = Release|Win32
		{A95369DF-A1D4-4BBA-896D-365A9F2742E5}.Release|x86.Build.0 = Release|Win32
		{4EA2E6CE-11F0-494E-8E1C-21C6175191C5}.Debug|x64.ActiveCfg = Debug|x64
		{4EA2E6CE-11F0-494E-8E1C-21C6175191C5}.Debug|x64.Build.0 = Debug|x64
		{4EA2E6CE-11F0-494E-8E1C-21C6175191C5}.Debug|x86.ActiveCfg = Debug|Win32
		{4EA2E6CE-11F0-494E-8E1C-21C6175191C5}.Debug|x86.Build.0 = Debug|Win32
		{4EA2E6CE-11F0-494E-8E1C-21C6175191C5}.Release|x64.ActiveCfg = Release|x64
		{4EA2E6CE-11F0-494E-8E1C-21C6175191C5}.Release|x64.Build.0 = Release|x64
		{4EA2E6CE-11F0-494E-8E1C-21C6175191C5}.Release|x86.ActiveCfg = Release|Win32
		{4EA2E6CE-11F0-494E-8E1C-21C6175191C5}.Release|x86.Build.0 = Release|Win32
		{78983572-D063-4073-8EA0-A621953A6E3A}.Debug|x64.ActiveCfg = Debug|x64
		{78983572-D063-4073-8EA0-A621953A6E3A}.Debug|x64.Build.0 = Debug|x64
		{78983572-D063-4073-8EA0-A621953A6E3A}.Debug|x86.ActiveCfg = Debug|Win32
		{78983572-D063-4073-8EA0-A621953A6E3A}.Debug|x86.Build.0 = Debug|Win32
		{78983572-D063-4073-8EA0-A621953A6E3A}.Release|x64.ActiveCfg = Release|x64
		{78983572-D063-4073-8EA0-A621953A6E3A}.Release|x64.Build.0 = Release|x64
		{78983572-D063-4073-8EA0-A621953A6E3A}.Release|x86.ActiveCfg = Release|Win32
		{78983572-D063-4073-8EA0-A621953A6E3A}.Release|x86.Build.0 = Release|Win32
		{DBACCFBA-1C53-40D5-A472-5891B9C85055}.Debug|x64.ActiveCfg = Debug|x64
		{DBACCFBA-1C53-40D5-A472-5891B9C85055}.Debug|x64.Build.0 = Debug|x64
		{DBACCFBA-1C53-40D5-A472-5891B9C85055}.Debug|x86.ActiveCfg = Debug|Win32
		{DBACCFBA-1C53-40D5-A472-5891B9C85055}.Debug|x86.Build.0 = Debug|Win32
		{DBACCFBA-1C53-40D5-A472-5891B9C85055}.Release|x64.ActiveCfg = Release|x64
		{DBACCFBA-1C53-40D5-A472-5891B9C85055}.Release|x64.Build.0 = Release|x64
		{DBACCFBA-1C53-40D5-A472-5891B9C85055}.Release|x86.ActiveCfg = Release|Win32
		{DBACCFBA-1C53-40D5-A472-5891B9C85055}.Release|x86.Build.0 = Release|Win32
		{46292994-3A34-4FEF-A39B-EC3E7D13E47C}.Debug|x64.ActiveCfg = Debug|x64
		{46292994-3A34-4FEF-A39B-EC3E7D13E47C}.Debug|x64.Build.0 = Debug|x64
		{46292994-3A34-4FEF-A39B-EC3E7D13E47C}.Debug|x86.ActiveCfg = Debug|Win32
		{46292994-3A34-4FEF-A39B-EC3E7D13E47C}.Debug|x86.Build.0 = Debug|Win32
		{46292994-3A34-4FEF-A39B-EC3E7D13E47C}.Release|x64.ActiveCfg = Release|x64
		{46292994-3A34-4FEF-A39B-EC3E7D13E47C}.Release|x64.Build.0 = Release|x64
		{46292994-3A34-4FEF-A39B-EC3E7D13E47C}.Release|x86.ActiveCfg = Release|Win32
		{46292994-3A34-4FEF-A39B-EC3E7D13E47C}.Release|x86.Build.0 = Release|Win32
		{F0ADF197-53B6-4DC1-9D33-D5A9B53F9D88}.Debug|x64.ActiveCfg = Debug|x64
		{F0ADF197-53B6-4DC1-9D33-D5A9B53F9D88}.Debug|x64.Build.0 = Debug|x64
		{F0ADF197-53B6-4DC1-9D33-D5A9B53F9D88}.Debug|x86.ActiveCfg = Debug|Win32
		{F0ADF197-53B6-4DC1-9D33-D5A9B53F9D88}.Debug|x86.Build.0 = Debug|Win32
		{F0ADF197-53B6-4DC1-9D33-D5A9B53F9D88}.Release|x64.ActiveCfg = Release|x64
		{F0ADF197-53B6-4DC1-9D33-D5A9B53F9D88}.Release|x64.Build.0 = Release|x64
		{F0ADF197-53B6-4DC1-9D33-D5A9B53F9D88}.Release|x86.ActiveCfg = Release|Win32
		{F0ADF197-53B6-4DC1-9D33-D5A9B53F9D88}.Release|x86.Build.0 = Release|Win32
		{C65A3D3E-2011-4663-BA94-220C6983E682}.Debug|x64.ActiveCfg = Debug|x64
		{C65A3D3E-2011-4663-BA94-220C6983E682}.Debug|x64.Build.0 = Debug|x64
		{C65A3D3E-2011-4663-BA94-220C6983E682}.Debug|x86.ActiveCfg = Debug|Win32
		{C65A3D3E-2011-4663-BA94-220C6983E682}.Debug|x86.Build.0 = Debug|Win32
		{C65A3D3E-2011-4663-BA94-220C6983E682}.Release|x64.ActiveCfg = Release|x64
		{C65A3D3E-2011-4663-BA94-220C6983E682}.Release|x64.Build.0 = Release|x64
		{C65A3D3E-2011-4663-BA94-220C6983E682}.Release|x86.ActiveCfg = Release|Win32
		{C65A3D3E-2011-4663-BA94-220C6983E682}.Release|x86.Build.0 = Release|Win32
		{75304C14-1668-4F2D-BF9F-20DEA4DB7592}.Debug|x64.ActiveCfg = Debug|x64
		{75304C14-1668-4F2D-BF9F-20DEA4DB7592}.Debug|x64.Build.0 = Debug|x64
		{75304C14-1668-4F2D-BF9F-20DEA4DB7592}.Debug|x86.ActiveCfg = Debug|Win32
		{75304C14-1668-4F2D-BF9F-20DEA4DB7592}.Debug|x86.Build.0 = Debug|Win32
		{75304C14-1668-4F2D-BF9F-20DEA4DB7592}.Release|x64.ActiveCfg = Release|x64
		{75304C14-1668-4F2D-BF9F-20DEA4DB7592}.Release|x64.Build.0 = Release|x64
		{75304C14-1668-4F2D-BF9F-20DEA4DB7592}.Release|x86.ActiveCfg = Release|Win32
		{75304C14-1668-4F2D-BF9F-20DEA4DB7592}.Release|x86.Build.0 = Release|Win32
		{7A4377D4-F1B2-4D25-B3B4-704ECDCDDEC4}.Debug|x64.ActiveCfg = Debug|x64
		{7A4377D4-F1B2-4D25-B3B4-704ECDCDDEC4}.Debug|x64.Build.0 = Debug|x64
		{7A4377D4-F1B2-4D25-B3B4-704ECDCDDEC4}.Debug|x86.ActiveCfg = Debug|Win32
		{7A4377D4-F1B2-4D25-B3B4-704ECDCDDEC4}.Debug|x86.Build.0 = Debug|Win32
		{7A4377D4-F1B2-4D25-B3B4-704ECDCDDEC4}.Release|x64.ActiveCfg = Release|x64
		{7A4377D4-F1B2-4D25-B3B4-704ECDCDDEC4}.Release|x64.Build.0 = Release|x64
		{7A4377D4-F1B2-4D25-B3B4-704ECDCDDEC4}.Release|x86.ActiveCfg = Release|Win32
		{7A4377D4-F1B2-4D25-B3B4-704ECDCDDEC4}.Release|x86.Build.0 = Release|Win32
		{C79E71B6-B365-4B52-BF27-A99901DF05EF}.Debug|x64.ActiveCfg = Debug|x64
		{C79E71B6-B365-4B52-BF27-A99901DF05EF}.Debug|x64.Build.0 = Debug|x64
		{C79E71B6-B365-4B52-BF27-A99901DF05EF}.Debug|x86.ActiveCfg = Debug|Win32
		{C79E71B6-B365-4B52-BF27-A99901DF05EF}.Debug|x86.Build.0 = Debug|Win32
		{C79E71B6-B365-4B52-BF27-A99901DF05EF}.Release|x64.ActiveCfg = Release|x64
		{C79E71B6-B365-4B52-BF27-A99901DF05EF}.Release|x64.Build.0 = Release|x64
		{C79E71B6-B365-4B52-BF27-A99901DF05EF}.Release|x86.ActiveCfg = Release|Win32
		{C79E71B6-B365-4B52-BF27-A99901DF05EF}.Release|x86.Build.0 = Release|Win32
		{4C20B5BB-1827-44FB-B7E9-91452DB39770}.Debug|x64.ActiveCfg = Debug|x64
		{4C20B5BB-1827-44FB-B7E9-91452DB39770}.Debug|x64.Build.0 = Debug|x64
		{4C20B5BB-1827-44FB-B7E9-91452DB39770}.Debug|x86.ActiveCfg = Debug|Win32
		{4C20B5BB-1827-44FB-B7E9-91452DB39770}.Debug|x86.Build.0 = Debug|Win32
		{4C20B5BB-1827-44FB-B7E9-91452DB39770}.Release|x64.ActiveCfg = Release|x64
		{4C20B5BB-1827-44FB-B7E9-91452DB39770}.Release|x64.Build.0 = Release|x64
		{4C20B5BB-1827-44FB-B7E9-91452DB39770}.Release|x86.ActiveCfg = Release|Win32
		{4C20B5BB-1827-44FB-B7E9-91452DB39770}.Release|x86.Build.0 = Release|Win32
		{8E5B3294-26BB-499C-B48B-1C2E45AC0DB3}.Debug|x64.ActiveCfg = Debug|x64
		{8E5B3294-26BB-499C-B48B-1C2E45AC0DB3}.Debug|x64.Build.0 = Debug|x64
		{8E5B3294-26BB-499C-B48B-1C2E45AC0DB3}.Debug|x86.ActiveCfg = Debug|Win32
		{8E5B3294-26BB-499C-B48B-1C2E45AC0DB3}.Debug|x86.Build.0 = Debug|Win32
		{8E5B3294-26BB-499C-B48B-1C2E45AC0DB3}.Release|x64.ActiveCfg = Release|x64
		{8E5B3294-26BB-499C-B48B-1C2E45AC0DB3}.Release|x64.Build.0 = Release|x64
		{8E5B3294-26BB-499C-B48B-1C2E45AC0DB3}.Release|x86.ActiveCfg = Release|Win32
		{8E5B3294-26BB-499C-B48B-1C2E45AC0DB3}.Release|x86.Build.0 = Release|Win32
		{FB636102-A02B-4FB1-A8BA-16B30EB43E2C}.Debug|x64.ActiveCfg = Debug|x64
		{FB636102-A02B-4FB1-A8BA-16B30EB43E2C}.Debug|x64.Build.0 = Debug|x64
		{FB636102-A02B-4FB1-A8BA-16B30EB43E2C}.Debug|x86.ActiveCfg = Debug|Win32
		{FB636102-A02B-4FB1-A8BA-16B30EB43E2C}.Debug|x86.Build.0 = Debug|Win32
		{FB636102-A02B-4FB1-A8BA-16B30EB43E2C}.Release|x64.ActiveCfg = Release|x64
		{FB636102-A02B-4FB1-A8BA-16B30EB43E2C}.Release|x64.Build.0 = Release|x64
		{FB636102-A02B-4FB1-A8BA-16B30EB43E2C}.Release|x86.ActiveCfg = Release|Win32
		{FB636102-A02B-4FB1-A8BA-16B30EB43E2C}.Release|x86.Build.0 = Release|Win32
		{F9F189E5-F42D-46E4-A9AF-747F41960609}.Debug|x64.ActiveCfg = Debug|x64
		{F9F189E5-F42D-46E4-A9AF-747F41960609}.Debug|x64.Build.0 = Debug|x64
		{F9F189E5-F42D-46E4-A9AF-747F41960609}.Debug|x86.ActiveCfg = Debug|Win32
		{F9F189E5-F42D-46E4-A9AF-747F41960609}.Debug|x86.Build.0 = Debug|Win32
		{F9F189E5-F42D-46E4-A9AF-747F41960609}.Release|x64.ActiveCfg = Release|x64
		{F9F189E5-F42D-46E4-A9AF-747F41960609}.Release|x64.Build.0 = Release|x64
		{F9F189E5-F42D-46E4-A9AF-747F41960609}.Release|x86.ActiveCfg = Release|Win32
		{F9F189E5-F42D-46E4-A9AF-747F41960609}.Release|x86.Build.0 = Release|Win32
		{136A6DB2-402C-455E-BE72-1B192B38AACF}.Debug|x64.ActiveCfg = Debug|x64
		{136A6DB2-402C-455E-BE72-1B192B38AACF}.Debug|x64.Build.0 = Debug|x64
		{136A6DB2-402C-455E-BE72-1B192B38AACF}.Debug|x86.ActiveCfg = Debug|Win32
		{136A6DB2-402C-455E-BE72-1B192B38AACF}.Debug|x86.Build.0 = Debug|Win32
		{136A6DB2-402C-455E-BE72-1B192B38AACF}.Release|x64.ActiveCfg = Release|x64
		{136A6DB2-402C-455E-BE72-1B192B38AACF}.Release|x64.Build.0 = Release|x64
		{136A6DB2-402C-455E-BE72-1B192B38AACF}.Release|x86.ActiveCfg = Release|Win32
		{136A6DB2-402C-455E-BE72-1B192B38AACF}.Release|x86.Build.0 = Release|Win32
		{E6926585-62DA-4F35-81D6-75A6B9FD15E9}.Debug|x64.ActiveCfg = Debug|x64
		{E6926585-62DA-4F35-81D6-75A6B9FD15E9}.Debug|x64.Build.0 = Debug|x64
		{E6926585-62DA-4F35-81D6-75A6B9FD15E9}.Debug|x86.ActiveCfg = Debug|Win32
		{E6926585-62DA-4F35-81D6-75A6B9FD15E9}.Debug|x86.Build.0 = Debug|Win32
		{E6926585-62DA-4F35-81D6-75A6B9FD15E9}.Release|x64.ActiveCfg = Release|x64
		{E6926585-62DA-4F35-81D6-75A6B9FD15E9}.Release|x64.Build.0 = Release|x64
		{E6926585-62DA-4F35-81D6-75A6B9FD15E9}.Release|x86.ActiveCfg = Release|Win32
		{E6926585-62DA-4F35-81D6-75A6B9FD15E9}.Release|x86.Build.0 = Release|Win32
		{669A3BEB-B6BF-47F9-94C1-A0B0E264F46C}.Debug|x64.ActiveCfg = Debug|x64
		{669A3BEB-B6BF-47F9-94C1-A0B0E264F46C}.Debug|x64.Build.0 = Debug|x64
		{669A3BEB-B6BF-47F9-94C1-A0B0E264F46C}.Debug|x86.ActiveCfg = Debug|Win32
		{669A3BEB-B6BF-47F9-94C1-A0B0E264F46C}.Debug|x86.Build.0 = Debug|Win32
		{669A3BEB-B6BF-47F9-94C1-A0B0E264F46C}.Release|x64.ActiveCfg = Release|x64
		{669A3BEB-B6BF-47F9-94C1-A0B0E264F46C}.Release|x64.Build.0 = Release|x64
		{669A3BEB-B6BF-47F9-94C1-A0B0E264F46C}.Release|x86.ActiveCfg = Release|Win32
		{669A3BEB-B6BF-47F9-94C1-A0B0E264F46C}.Release|x86.Build.0 = Release|Win32
		{DEFAB329-9A2C-48EF-9EC7-19004233DC44}.Debug|x64.ActiveCfg = Debug|x64
		{DEFAB329-9A2C-48EF-9EC7-19004233DC44}.Debug|x64.Build.0 = Debug|x64
		{DEFAB329-9A2C-48EF-9EC7-19004233DC44}.Debug|x86.ActiveCfg = Debug|Win32
		{DEFAB329-9A2C-48EF-9EC7-19004233DC44}.Debug|x86.Build.0 = Debug|Win32
		{DEFAB329-9A2C-48EF-9EC7-19004233DC44}.Release|x64.ActiveCfg = Release|x64
		{DEFAB329-9A2C-48EF-9EC7-19004233DC44}.Release|x64.Build.0 = Release|x64
		{DEFAB329-9A2C-48EF-9EC7-19004233DC44}.Release|x86.ActiveCfg = Release|Win32
		{DEFAB329-9A2C-48EF-9EC7-19004233DC44}.Release|x86.Build.0 = Release|Win32
	EndGlobalSection
	GlobalSection(SolutionProperties) = preSolution
		HideSolutionNode = FALSE
	EndGlobalSection
	GlobalSection(ExtensibilityGlobals) = postSolution
		SolutionGuid = {B58B7635-8CA7-4E9B-8C92-5F392CC7EA18}
	EndGlobalSection
EndGlobal
